
Microsoft Visual Studio Solution File, Format Version 12.00
# Visual Studio Version 17
VisualStudioVersion = 17.0.31903.59
MinimumVisualStudioVersion = 10.0.40219.1
Project("{FAE04EC0-301F-11D3-BF4B-00C04F79EFBC}") = "CQRS.Core", "..\CQRS-ES\CQRS.Core\CQRS.Core.csproj", "{D86ABEEF-433E-408E-B3FA-66D8A1FE8682}"
EndProject
Project("{2150E333-8FDC-42A3-9474-1A3956D46DE8}") = "Post.Cmd", "Post.Cmd", "{628A6728-8FD2-2F2B-CBE6-CFCE3CD15DEA}"
EndProject
Project("{FAE04EC0-301F-11D3-BF4B-00C04F79EFBC}") = "Post.Cmd.Api", "Post.Cmd\Post.Cmd.Api\Post.Cmd.Api.csproj", "{73066F18-31CB-4F08-B24D-E45768A41640}"
EndProject
Project("{FAE04EC0-301F-11D3-BF4B-00C04F79EFBC}") = "Post.Cmd.Domain", "Post.Cmd\Post.Cmd.Domain\Post.Cmd.Domain.csproj", "{FA1B8B82-B78F-407C-A8D3-FBB713C243CC}"
EndProject
Project("{FAE04EC0-301F-11D3-BF4B-00C04F79EFBC}") = "Post.Cmd.Infrastructure", "Post.Cmd\Post.Cmd.Infrastructure\Post.Cmd.Infrastructure.csproj", "{4E73CFB5-2633-497B-95FB-143B802AF0C0}"
EndProject
Project("{2150E333-8FDC-42A3-9474-1A3956D46DE8}") = "Post.Query", "Post.Query", "{0D502CB4-2678-4901-9B60-A74053C7BF91}"
EndProject
Project("{FAE04EC0-301F-11D3-BF4B-00C04F79EFBC}") = "Post.Query.Api", "Post.Query\Post.Query.Api\Post.Query.Api.csproj", "{139CD1E0-7FA8-4E63-A431-C4D69073DA2F}"
EndProject
Project("{FAE04EC0-301F-11D3-BF4B-00C04F79EFBC}") = "Post.Query.Domain", "Post.Query\Post.Query.Domain\Post.Query.Domain.csproj", "{1928DC42-CE38-4585-86A2-7DD70FAF81B8}"
EndProject
Project("{FAE04EC0-301F-11D3-BF4B-00C04F79EFBC}") = "Post.Query.Infrastructure", "Post.Query\Post.Query.Infrastructure\Post.Query.Infrastructure.csproj", "{8929AE4C-E48F-4AEB-8CA0-CF2D2BB385E4}"
EndProject
Project("{FAE04EC0-301F-11D3-BF4B-00C04F79EFBC}") = "Post.Common", "Post.Common\Post.Common.csproj", "{70CE6C8A-D229-43CB-98E5-974BFD5FA32F}"
EndProject
Global
	GlobalSection(SolutionConfigurationPlatforms) = preSolution
		Debug|Any CPU = Debug|Any CPU
		Debug|x64 = Debug|x64
		Debug|x86 = Debug|x86
		Release|Any CPU = Release|Any CPU
		Release|x64 = Release|x64
		Release|x86 = Release|x86
	EndGlobalSection
	GlobalSection(ProjectConfigurationPlatforms) = postSolution
		{D86ABEEF-433E-408E-B3FA-66D8A1FE8682}.Debug|Any CPU.ActiveCfg = Debug|Any CPU
		{D86ABEEF-433E-408E-B3FA-66D8A1FE8682}.Debug|Any CPU.Build.0 = Debug|Any CPU
		{D86ABEEF-433E-408E-B3FA-66D8A1FE8682}.Debug|x64.ActiveCfg = Debug|Any CPU
		{D86ABEEF-433E-408E-B3FA-66D8A1FE8682}.Debug|x64.Build.0 = Debug|Any CPU
		{D86ABEEF-433E-408E-B3FA-66D8A1FE8682}.Debug|x86.ActiveCfg = Debug|Any CPU
		{D86ABEEF-433E-408E-B3FA-66D8A1FE8682}.Debug|x86.Build.0 = Debug|Any CPU
		{D86ABEEF-433E-408E-B3FA-66D8A1FE8682}.Release|Any CPU.ActiveCfg = Release|Any CPU
		{D86ABEEF-433E-408E-B3FA-66D8A1FE8682}.Release|Any CPU.Build.0 = Release|Any CPU
		{D86ABEEF-433E-408E-B3FA-66D8A1FE8682}.Release|x64.ActiveCfg = Release|Any CPU
		{D86ABEEF-433E-408E-B3FA-66D8A1FE8682}.Release|x64.Build.0 = Release|Any CPU
		{D86ABEEF-433E-408E-B3FA-66D8A1FE8682}.Release|x86.ActiveCfg = Release|Any CPU
		{D86ABEEF-433E-408E-B3FA-66D8A1FE8682}.Release|x86.Build.0 = Release|Any CPU
		{73066F18-31CB-4F08-B24D-E45768A41640}.Debug|Any CPU.ActiveCfg = Debug|Any CPU
		{73066F18-31CB-4F08-B24D-E45768A41640}.Debug|Any CPU.Build.0 = Debug|Any CPU
		{73066F18-31CB-4F08-B24D-E45768A41640}.Debug|x64.ActiveCfg = Debug|Any CPU
		{73066F18-31CB-4F08-B24D-E45768A41640}.Debug|x64.Build.0 = Debug|Any CPU
		{73066F18-31CB-4F08-B24D-E45768A41640}.Debug|x86.ActiveCfg = Debug|Any CPU
		{73066F18-31CB-4F08-B24D-E45768A41640}.Debug|x86.Build.0 = Debug|Any CPU
		{73066F18-31CB-4F08-B24D-E45768A41640}.Release|Any CPU.ActiveCfg = Release|Any CPU
		{73066F18-31CB-4F08-B24D-E45768A41640}.Release|Any CPU.Build.0 = Release|Any CPU
		{73066F18-31CB-4F08-B24D-E45768A41640}.Release|x64.ActiveCfg = Release|Any CPU
		{73066F18-31CB-4F08-B24D-E45768A41640}.Release|x64.Build.0 = Release|Any CPU
		{73066F18-31CB-4F08-B24D-E45768A41640}.Release|x86.ActiveCfg = Release|Any CPU
		{73066F18-31CB-4F08-B24D-E45768A41640}.Release|x86.Build.0 = Release|Any CPU
		{FA1B8B82-B78F-407C-A8D3-FBB713C243CC}.Debug|Any CPU.ActiveCfg = Debug|Any CPU
		{FA1B8B82-B78F-407C-A8D3-FBB713C243CC}.Debug|Any CPU.Build.0 = Debug|Any CPU
		{FA1B8B82-B78F-407C-A8D3-FBB713C243CC}.Debug|x64.ActiveCfg = Debug|Any CPU
		{FA1B8B82-B78F-407C-A8D3-FBB713C243CC}.Debug|x64.Build.0 = Debug|Any CPU
		{FA1B8B82-B78F-407C-A8D3-FBB713C243CC}.Debug|x86.ActiveCfg = Debug|Any CPU
		{FA1B8B82-B78F-407C-A8D3-FBB713C243CC}.Debug|x86.Build.0 = Debug|Any CPU
		{FA1B8B82-B78F-407C-A8D3-FBB713C243CC}.Release|Any CPU.ActiveCfg = Release|Any CPU
		{FA1B8B82-B78F-407C-A8D3-FBB713C243CC}.Release|Any CPU.Build.0 = Release|Any CPU
		{FA1B8B82-B78F-407C-A8D3-FBB713C243CC}.Release|x64.ActiveCfg = Release|Any CPU
		{FA1B8B82-B78F-407C-A8D3-FBB713C243CC}.Release|x64.Build.0 = Release|Any CPU
		{FA1B8B82-B78F-407C-A8D3-FBB713C243CC}.Release|x86.ActiveCfg = Release|Any CPU
		{FA1B8B82-B78F-407C-A8D3-FBB713C243CC}.Release|x86.Build.0 = Release|Any CPU
		{4E73CFB5-2633-497B-95FB-143B802AF0C0}.Debug|Any CPU.ActiveCfg = Debug|Any CPU
		{4E73CFB5-2633-497B-95FB-143B802AF0C0}.Debug|Any CPU.Build.0 = Debug|Any CPU
		{4E73CFB5-2633-497B-95FB-143B802AF0C0}.Debug|x64.ActiveCfg = Debug|Any CPU
		{4E73CFB5-2633-497B-95FB-143B802AF0C0}.Debug|x64.Build.0 = Debug|Any CPU
		{4E73CFB5-2633-497B-95FB-143B802AF0C0}.Debug|x86.ActiveCfg = Debug|Any CPU
		{4E73CFB5-2633-497B-95FB-143B802AF0C0}.Debug|x86.Build.0 = Debug|Any CPU
		{4E73CFB5-2633-497B-95FB-143B802AF0C0}.Release|Any CPU.ActiveCfg = Release|Any CPU
		{4E73CFB5-2633-497B-95FB-143B802AF0C0}.Release|Any CPU.Build.0 = Release|Any CPU
		{4E73CFB5-2633-497B-95FB-143B802AF0C0}.Release|x64.ActiveCfg = Release|Any CPU
		{4E73CFB5-2633-497B-95FB-143B802AF0C0}.Release|x64.Build.0 = Release|Any CPU
		{4E73CFB5-2633-497B-95FB-143B802AF0C0}.Release|x86.ActiveCfg = Release|Any CPU
		{4E73CFB5-2633-497B-95FB-143B802AF0C0}.Release|x86.Build.0 = Release|Any CPU
		{139CD1E0-7FA8-4E63-A431-C4D69073DA2F}.Debug|Any CPU.ActiveCfg = Debug|Any CPU
		{139CD1E0-7FA8-4E63-A431-C4D69073DA2F}.Debug|Any CPU.Build.0 = Debug|Any CPU
		{139CD1E0-7FA8-4E63-A431-C4D69073DA2F}.Debug|x64.ActiveCfg = Debug|Any CPU
		{139CD1E0-7FA8-4E63-A431-C4D69073DA2F}.Debug|x64.Build.0 = Debug|Any CPU
		{139CD1E0-7FA8-4E63-A431-C4D69073DA2F}.Debug|x86.ActiveCfg = Debug|Any CPU
		{139CD1E0-7FA8-4E63-A431-C4D69073DA2F}.Debug|x86.Build.0 = Debug|Any CPU
		{139CD1E0-7FA8-4E63-A431-C4D69073DA2F}.Release|Any CPU.ActiveCfg = Release|Any CPU
		{139CD1E0-7FA8-4E63-A431-C4D69073DA2F}.Release|Any CPU.Build.0 = Release|Any CPU
		{139CD1E0-7FA8-4E63-A431-C4D69073DA2F}.Release|x64.ActiveCfg = Release|Any CPU
		{139CD1E0-7FA8-4E63-A431-C4D69073DA2F}.Release|x64.Build.0 = Release|Any CPU
		{139CD1E0-7FA8-4E63-A431-C4D69073DA2F}.Release|x86.ActiveCfg = Release|Any CPU
		{139CD1E0-7FA8-4E63-A431-C4D69073DA2F}.Release|x86.Build.0 = Release|Any CPU
		{1928DC42-CE38-4585-86A2-7DD70FAF81B8}.Debug|Any CPU.ActiveCfg = Debug|Any CPU
		{1928DC42-CE38-4585-86A2-7DD70FAF81B8}.Debug|Any CPU.Build.0 = Debug|Any CPU
		{1928DC42-CE38-4585-86A2-7DD70FAF81B8}.Debug|x64.ActiveCfg = Debug|Any CPU
		{1928DC42-CE38-4585-86A2-7DD70FAF81B8}.Debug|x64.Build.0 = Debug|Any CPU
		{1928DC42-CE38-4585-86A2-7DD70FAF81B8}.Debug|x86.ActiveCfg = Debug|Any CPU
		{1928DC42-CE38-4585-86A2-7DD70FAF81B8}.Debug|x86.Build.0 = Debug|Any CPU
		{1928DC42-CE38-4585-86A2-7DD70FAF81B8}.Release|Any CPU.ActiveCfg = Release|Any CPU
		{1928DC42-CE38-4585-86A2-7DD70FAF81B8}.Release|Any CPU.Build.0 = Release|Any CPU
		{1928DC42-CE38-4585-86A2-7DD70FAF81B8}.Release|x64.ActiveCfg = Release|Any CPU
		{1928DC42-CE38-4585-86A2-7DD70FAF81B8}.Release|x64.Build.0 = Release|Any CPU
		{1928DC42-CE38-4585-86A2-7DD70FAF81B8}.Release|x86.ActiveCfg = Release|Any CPU
		{1928DC42-CE38-4585-86A2-7DD70FAF81B8}.Release|x86.Build.0 = Release|Any CPU
		{8929AE4C-E48F-4AEB-8CA0-CF2D2BB385E4}.Debug|Any CPU.ActiveCfg = Debug|Any CPU
		{8929AE4C-E48F-4AEB-8CA0-CF2D2BB385E4}.Debug|Any CPU.Build.0 = Debug|Any CPU
		{8929AE4C-E48F-4AEB-8CA0-CF2D2BB385E4}.Debug|x64.ActiveCfg = Debug|Any CPU
		{8929AE4C-E48F-4AEB-8CA0-CF2D2BB385E4}.Debug|x64.Build.0 = Debug|Any CPU
		{8929AE4C-E48F-4AEB-8CA0-CF2D2BB385E4}.Debug|x86.ActiveCfg = Debug|Any CPU
		{8929AE4C-E48F-4AEB-8CA0-CF2D2BB385E4}.Debug|x86.Build.0 = Debug|Any CPU
		{8929AE4C-E48F-4AEB-8CA0-CF2D2BB385E4}.Release|Any CPU.ActiveCfg = Release|Any CPU
		{8929AE4C-E48F-4AEB-8CA0-CF2D2BB385E4}.Release|Any CPU.Build.0 = Release|Any CPU
		{8929AE4C-E48F-4AEB-8CA0-CF2D2BB385E4}.Release|x64.ActiveCfg = Release|Any CPU
		{8929AE4C-E48F-4AEB-8CA0-CF2D2BB385E4}.Release|x64.Build.0 = Release|Any CPU
		{8929AE4C-E48F-4AEB-8CA0-CF2D2BB385E4}.Release|x86.ActiveCfg = Release|Any CPU
		{8929AE4C-E48F-4AEB-8CA0-CF2D2BB385E4}.Release|x86.Build.0 = Release|Any CPU
		{70CE6C8A-D229-43CB-98E5-974BFD5FA32F}.Debug|Any CPU.ActiveCfg = Debug|Any CPU
		{70CE6C8A-D229-43CB-98E5-974BFD5FA32F}.Debug|Any CPU.Build.0 = Debug|Any CPU
		{70CE6C8A-D229-43CB-98E5-974BFD5FA32F}.Debug|x64.ActiveCfg = Debug|Any CPU
		{70CE6C8A-D229-43CB-98E5-974BFD5FA32F}.Debug|x64.Build.0 = Debug|Any CPU
		{70CE6C8A-D229-43CB-98E5-974BFD5FA32F}.Debug|x86.ActiveCfg = Debug|Any CPU
		{70CE6C8A-D229-43CB-98E5-974BFD5FA32F}.Debug|x86.Build.0 = Debug|Any CPU
		{70CE6C8A-D229-43CB-98E5-974BFD5FA32F}.Release|Any CPU.ActiveCfg = Release|Any CPU
		{70CE6C8A-D229-43CB-98E5-974BFD5FA32F}.Release|Any CPU.Build.0 = Release|Any CPU
		{70CE6C8A-D229-43CB-98E5-974BFD5FA32F}.Release|x64.ActiveCfg = Release|Any CPU
		{70CE6C8A-D229-43CB-98E5-974BFD5FA32F}.Release|x64.Build.0 = Release|Any CPU
		{70CE6C8A-D229-43CB-98E5-974BFD5FA32F}.Release|x86.ActiveCfg = Release|Any CPU
		{70CE6C8A-D229-43CB-98E5-974BFD5FA32F}.Release|x86.Build.0 = Release|Any CPU
	EndGlobalSection
	GlobalSection(SolutionProperties) = preSolution
		HideSolutionNode = FALSE
	EndGlobalSection
	GlobalSection(NestedProjects) = preSolution
		{73066F18-31CB-4F08-B24D-E45768A41640} = {628A6728-8FD2-2F2B-CBE6-CFCE3CD15DEA}
		{FA1B8B82-B78F-407C-A8D3-FBB713C243CC} = {628A6728-8FD2-2F2B-CBE6-CFCE3CD15DEA}
		{4E73CFB5-2633-497B-95FB-143B802AF0C0} = {628A6728-8FD2-2F2B-CBE6-CFCE3CD15DEA}
		{139CD1E0-7FA8-4E63-A431-C4D69073DA2F} = {0D502CB4-2678-4901-9B60-A74053C7BF91}
		{1928DC42-CE38-4585-86A2-7DD70FAF81B8} = {0D502CB4-2678-4901-9B60-A74053C7BF91}
		{8929AE4C-E48F-4AEB-8CA0-CF2D2BB385E4} = {0D502CB4-2678-4901-9B60-A74053C7BF91}
	EndGlobalSection
EndGlobal
